// !$*UTF8*$!
{
	archiveVersion = 1;
	classes = {
	};
	objectVersion = 46;
	objects = {

/* Begin PBXBuildFile section */
		395DD80618C2456700420D83 /* Foundation.framework in Frameworks */ = {isa = PBXBuildFile; fileRef = 395DD80518C2456700420D83 /* Foundation.framework */; };
		395DD80818C2456700420D83 /* CoreGraphics.framework in Frameworks */ = {isa = PBXBuildFile; fileRef = 395DD80718C2456700420D83 /* CoreGraphics.framework */; };
		395DD80A18C2456700420D83 /* UIKit.framework in Frameworks */ = {isa = PBXBuildFile; fileRef = 395DD80918C2456700420D83 /* UIKit.framework */; };
		395DD80C18C2456700420D83 /* CoreData.framework in Frameworks */ = {isa = PBXBuildFile; fileRef = 395DD80B18C2456700420D83 /* CoreData.framework */; };
		395DD81218C2456700420D83 /* InfoPlist.strings in Resources */ = {isa = PBXBuildFile; fileRef = 395DD81018C2456700420D83 /* InfoPlist.strings */; };
		395DD81418C2456700420D83 /* main.m in Sources */ = {isa = PBXBuildFile; fileRef = 395DD81318C2456700420D83 /* main.m */; };
		395DD81818C2456700420D83 /* HKAppDelegate.m in Sources */ = {isa = PBXBuildFile; fileRef = 395DD81718C2456700420D83 /* HKAppDelegate.m */; };
		395DD81B18C2456700420D83 /* Main.storyboard in Resources */ = {isa = PBXBuildFile; fileRef = 395DD81918C2456700420D83 /* Main.storyboard */; };
		395DD81E18C2456700420D83 /* BulletLists.xcdatamodeld in Sources */ = {isa = PBXBuildFile; fileRef = 395DD81C18C2456700420D83 /* BulletLists.xcdatamodeld */; };
		395DD82118C2456700420D83 /* HKMasterViewController.m in Sources */ = {isa = PBXBuildFile; fileRef = 395DD82018C2456700420D83 /* HKMasterViewController.m */; };
		395DD82418C2456700420D83 /* HKDetailViewController.m in Sources */ = {isa = PBXBuildFile; fileRef = 395DD82318C2456700420D83 /* HKDetailViewController.m */; };
		395DD82618C2456700420D83 /* Images.xcassets in Resources */ = {isa = PBXBuildFile; fileRef = 395DD82518C2456700420D83 /* Images.xcassets */; };
		395DD82D18C2456700420D83 /* XCTest.framework in Frameworks */ = {isa = PBXBuildFile; fileRef = 395DD82C18C2456700420D83 /* XCTest.framework */; };
		395DD82E18C2456700420D83 /* Foundation.framework in Frameworks */ = {isa = PBXBuildFile; fileRef = 395DD80518C2456700420D83 /* Foundation.framework */; };
		395DD82F18C2456700420D83 /* UIKit.framework in Frameworks */ = {isa = PBXBuildFile; fileRef = 395DD80918C2456700420D83 /* UIKit.framework */; };
		395DD83018C2456700420D83 /* CoreData.framework in Frameworks */ = {isa = PBXBuildFile; fileRef = 395DD80B18C2456700420D83 /* CoreData.framework */; };
		395DD83818C2456700420D83 /* InfoPlist.strings in Resources */ = {isa = PBXBuildFile; fileRef = 395DD83618C2456700420D83 /* InfoPlist.strings */; };
		395DD83A18C2456700420D83 /* BulletListsTests.m in Sources */ = {isa = PBXBuildFile; fileRef = 395DD83918C2456700420D83 /* BulletListsTests.m */; };
		395DD84518C24F6100420D83 /* HKNoteController.m in Sources */ = {isa = PBXBuildFile; fileRef = 395DD84418C24F6100420D83 /* HKNoteController.m */; };
		395DD84818C2515300420D83 /* List.m in Sources */ = {isa = PBXBuildFile; fileRef = 395DD84718C2515300420D83 /* List.m */; };
		395DD84B18C2515400420D83 /* Owner.m in Sources */ = {isa = PBXBuildFile; fileRef = 395DD84A18C2515400420D83 /* Owner.m */; };
		395DD84F18C253F800420D83 /* NSString+Ipsum.m in Sources */ = {isa = PBXBuildFile; fileRef = 395DD84E18C253F800420D83 /* NSString+Ipsum.m */; };
		395DD85218C256D100420D83 /* HKNoteManager.m in Sources */ = {isa = PBXBuildFile; fileRef = 395DD85118C256D100420D83 /* HKNoteManager.m */; };
		39B9A01118CB8C1C00F4FBF8 /* HKTextView.m in Sources */ = {isa = PBXBuildFile; fileRef = 39B9A01018CB8C1C00F4FBF8 /* HKTextView.m */; };
/* End PBXBuildFile section */

/* Begin PBXContainerItemProxy section */
		395DD83118C2456700420D83 /* PBXContainerItemProxy */ = {
			isa = PBXContainerItemProxy;
			containerPortal = 395DD7FA18C2456700420D83 /* Project object */;
			proxyType = 1;
			remoteGlobalIDString = 395DD80118C2456700420D83;
			remoteInfo = BulletLists;
		};
/* End PBXContainerItemProxy section */

/* Begin PBXFileReference section */
		395DD80218C2456700420D83 /* BulletLists.app */ = {isa = PBXFileReference; explicitFileType = wrapper.application; includeInIndex = 0; path = BulletLists.app; sourceTree = BUILT_PRODUCTS_DIR; };
		395DD80518C2456700420D83 /* Foundation.framework */ = {isa = PBXFileReference; lastKnownFileType = wrapper.framework; name = Foundation.framework; path = System/Library/Frameworks/Foundation.framework; sourceTree = SDKROOT; };
		395DD80718C2456700420D83 /* CoreGraphics.framework */ = {isa = PBXFileReference; lastKnownFileType = wrapper.framework; name = CoreGraphics.framework; path = System/Library/Frameworks/CoreGraphics.framework; sourceTree = SDKROOT; };
		395DD80918C2456700420D83 /* UIKit.framework */ = {isa = PBXFileReference; lastKnownFileType = wrapper.framework; name = UIKit.framework; path = System/Library/Frameworks/UIKit.framework; sourceTree = SDKROOT; };
		395DD80B18C2456700420D83 /* CoreData.framework */ = {isa = PBXFileReference; lastKnownFileType = wrapper.framework; name = CoreData.framework; path = System/Library/Frameworks/CoreData.framework; sourceTree = SDKROOT; };
		395DD80F18C2456700420D83 /* BulletLists-Info.plist */ = {isa = PBXFileReference; lastKnownFileType = text.plist.xml; path = "BulletLists-Info.plist"; sourceTree = "<group>"; };
		395DD81118C2456700420D83 /* en */ = {isa = PBXFileReference; lastKnownFileType = text.plist.strings; name = en; path = en.lproj/InfoPlist.strings; sourceTree = "<group>"; };
		395DD81318C2456700420D83 /* main.m */ = {isa = PBXFileReference; lastKnownFileType = sourcecode.c.objc; path = main.m; sourceTree = "<group>"; };
		395DD81518C2456700420D83 /* BulletLists-Prefix.pch */ = {isa = PBXFileReference; lastKnownFileType = sourcecode.c.h; path = "BulletLists-Prefix.pch"; sourceTree = "<group>"; };
		395DD81618C2456700420D83 /* HKAppDelegate.h */ = {isa = PBXFileReference; lastKnownFileType = sourcecode.c.h; path = HKAppDelegate.h; sourceTree = "<group>"; };
		395DD81718C2456700420D83 /* HKAppDelegate.m */ = {isa = PBXFileReference; lastKnownFileType = sourcecode.c.objc; path = HKAppDelegate.m; sourceTree = "<group>"; };
		395DD81A18C2456700420D83 /* Base */ = {isa = PBXFileReference; lastKnownFileType = file.storyboard; name = Base; path = Base.lproj/Main.storyboard; sourceTree = "<group>"; };
		395DD81D18C2456700420D83 /* BulletLists.xcdatamodel */ = {isa = PBXFileReference; lastKnownFileType = wrapper.xcdatamodel; path = BulletLists.xcdatamodel; sourceTree = "<group>"; };
		395DD81F18C2456700420D83 /* HKMasterViewController.h */ = {isa = PBXFileReference; lastKnownFileType = sourcecode.c.h; path = HKMasterViewController.h; sourceTree = "<group>"; };
		395DD82018C2456700420D83 /* HKMasterViewController.m */ = {isa = PBXFileReference; lastKnownFileType = sourcecode.c.objc; path = HKMasterViewController.m; sourceTree = "<group>"; };
		395DD82218C2456700420D83 /* HKDetailViewController.h */ = {isa = PBXFileReference; lastKnownFileType = sourcecode.c.h; path = HKDetailViewController.h; sourceTree = "<group>"; };
		395DD82318C2456700420D83 /* HKDetailViewController.m */ = {isa = PBXFileReference; lastKnownFileType = sourcecode.c.objc; path = HKDetailViewController.m; sourceTree = "<group>"; };
		395DD82518C2456700420D83 /* Images.xcassets */ = {isa = PBXFileReference; lastKnownFileType = folder.assetcatalog; path = Images.xcassets; sourceTree = "<group>"; };
		395DD82B18C2456700420D83 /* BulletListsTests.xctest */ = {isa = PBXFileReference; explicitFileType = wrapper.cfbundle; includeInIndex = 0; path = BulletListsTests.xctest; sourceTree = BUILT_PRODUCTS_DIR; };
		395DD82C18C2456700420D83 /* XCTest.framework */ = {isa = PBXFileReference; lastKnownFileType = wrapper.framework; name = XCTest.framework; path = Library/Frameworks/XCTest.framework; sourceTree = DEVELOPER_DIR; };
		395DD83518C2456700420D83 /* BulletListsTests-Info.plist */ = {isa = PBXFileReference; lastKnownFileType = text.plist.xml; path = "BulletListsTests-Info.plist"; sourceTree = "<group>"; };
		395DD83718C2456700420D83 /* en */ = {isa = PBXFileReference; lastKnownFileType = text.plist.strings; name = en; path = en.lproj/InfoPlist.strings; sourceTree = "<group>"; };
		395DD83918C2456700420D83 /* BulletListsTests.m */ = {isa = PBXFileReference; lastKnownFileType = sourcecode.c.objc; path = BulletListsTests.m; sourceTree = "<group>"; };
		395DD84318C24F6100420D83 /* HKNoteController.h */ = {isa = PBXFileReference; fileEncoding = 4; lastKnownFileType = sourcecode.c.h; path = HKNoteController.h; sourceTree = "<group>"; };
		395DD84418C24F6100420D83 /* HKNoteController.m */ = {isa = PBXFileReference; fileEncoding = 4; lastKnownFileType = sourcecode.c.objc; path = HKNoteController.m; sourceTree = "<group>"; };
		395DD84618C2515300420D83 /* List.h */ = {isa = PBXFileReference; fileEncoding = 4; lastKnownFileType = sourcecode.c.h; path = List.h; sourceTree = "<group>"; };
		395DD84718C2515300420D83 /* List.m */ = {isa = PBXFileReference; fileEncoding = 4; lastKnownFileType = sourcecode.c.objc; path = List.m; sourceTree = "<group>"; };
		395DD84918C2515400420D83 /* Owner.h */ = {isa = PBXFileReference; fileEncoding = 4; lastKnownFileType = sourcecode.c.h; path = Owner.h; sourceTree = "<group>"; };
		395DD84A18C2515400420D83 /* Owner.m */ = {isa = PBXFileReference; fileEncoding = 4; lastKnownFileType = sourcecode.c.objc; path = Owner.m; sourceTree = "<group>"; };
		395DD84D18C253F800420D83 /* NSString+Ipsum.h */ = {isa = PBXFileReference; fileEncoding = 4; lastKnownFileType = sourcecode.c.h; path = "NSString+Ipsum.h"; sourceTree = "<group>"; };
		395DD84E18C253F800420D83 /* NSString+Ipsum.m */ = {isa = PBXFileReference; fileEncoding = 4; lastKnownFileType = sourcecode.c.objc; path = "NSString+Ipsum.m"; sourceTree = "<group>"; };
		395DD85018C256D100420D83 /* HKNoteManager.h */ = {isa = PBXFileReference; fileEncoding = 4; lastKnownFileType = sourcecode.c.h; path = HKNoteManager.h; sourceTree = "<group>"; };
		395DD85118C256D100420D83 /* HKNoteManager.m */ = {isa = PBXFileReference; fileEncoding = 4; lastKnownFileType = sourcecode.c.objc; path = HKNoteManager.m; sourceTree = "<group>"; };
		39B9A00F18CB8C1C00F4FBF8 /* HKTextView.h */ = {isa = PBXFileReference; fileEncoding = 4; lastKnownFileType = sourcecode.c.h; path = HKTextView.h; sourceTree = "<group>"; };
		39B9A01018CB8C1C00F4FBF8 /* HKTextView.m */ = {isa = PBXFileReference; fileEncoding = 4; lastKnownFileType = sourcecode.c.objc; path = HKTextView.m; sourceTree = "<group>"; };
/* End PBXFileReference section */

/* Begin PBXFrameworksBuildPhase section */
		395DD7FF18C2456700420D83 /* Frameworks */ = {
			isa = PBXFrameworksBuildPhase;
			buildActionMask = 2147483647;
			files = (
				395DD80818C2456700420D83 /* CoreGraphics.framework in Frameworks */,
				395DD80C18C2456700420D83 /* CoreData.framework in Frameworks */,
				395DD80A18C2456700420D83 /* UIKit.framework in Frameworks */,
				395DD80618C2456700420D83 /* Foundation.framework in Frameworks */,
			);
			runOnlyForDeploymentPostprocessing = 0;
		};
		395DD82818C2456700420D83 /* Frameworks */ = {
			isa = PBXFrameworksBuildPhase;
			buildActionMask = 2147483647;
			files = (
				395DD82D18C2456700420D83 /* XCTest.framework in Frameworks */,
				395DD83018C2456700420D83 /* CoreData.framework in Frameworks */,
				395DD82F18C2456700420D83 /* UIKit.framework in Frameworks */,
				395DD82E18C2456700420D83 /* Foundation.framework in Frameworks */,
			);
			runOnlyForDeploymentPostprocessing = 0;
		};
/* End PBXFrameworksBuildPhase section */

/* Begin PBXGroup section */
		395DD7F918C2456700420D83 = {
			isa = PBXGroup;
			children = (
				395DD80D18C2456700420D83 /* BulletLists */,
				395DD83318C2456700420D83 /* BulletListsTests */,
				395DD80418C2456700420D83 /* Frameworks */,
				395DD80318C2456700420D83 /* Products */,
			);
			sourceTree = "<group>";
		};
		395DD80318C2456700420D83 /* Products */ = {
			isa = PBXGroup;
			children = (
				395DD80218C2456700420D83 /* BulletLists.app */,
				395DD82B18C2456700420D83 /* BulletListsTests.xctest */,
			);
			name = Products;
			sourceTree = "<group>";
		};
		395DD80418C2456700420D83 /* Frameworks */ = {
			isa = PBXGroup;
			children = (
				395DD80518C2456700420D83 /* Foundation.framework */,
				395DD80718C2456700420D83 /* CoreGraphics.framework */,
				395DD80918C2456700420D83 /* UIKit.framework */,
				395DD80B18C2456700420D83 /* CoreData.framework */,
				395DD82C18C2456700420D83 /* XCTest.framework */,
			);
			name = Frameworks;
			sourceTree = "<group>";
		};
		395DD80D18C2456700420D83 /* BulletLists */ = {
			isa = PBXGroup;
			children = (
				395DD81918C2456700420D83 /* Main.storyboard */,
				395DD81618C2456700420D83 /* HKAppDelegate.h */,
				395DD81718C2456700420D83 /* HKAppDelegate.m */,
				395DD85018C256D100420D83 /* HKNoteManager.h */,
				395DD85118C256D100420D83 /* HKNoteManager.m */,
				395DD81F18C2456700420D83 /* HKMasterViewController.h */,
				395DD82018C2456700420D83 /* HKMasterViewController.m */,
				395DD84318C24F6100420D83 /* HKNoteController.h */,
				395DD84418C24F6100420D83 /* HKNoteController.m */,
				395DD82218C2456700420D83 /* HKDetailViewController.h */,
				395DD82318C2456700420D83 /* HKDetailViewController.m */,
				39B9A00F18CB8C1C00F4FBF8 /* HKTextView.h */,
				39B9A01018CB8C1C00F4FBF8 /* HKTextView.m */,
				39B9A00D18CB7FB200F4FBF8 /* Categories */,
				39B9A00E18CB7FC700F4FBF8 /* Resources */,
				395DD84C18C2516000420D83 /* Database */,
				395DD80E18C2456700420D83 /* Supporting Files */,
			);
			path = BulletLists;
			sourceTree = "<group>";
		};
		395DD80E18C2456700420D83 /* Supporting Files */ = {
			isa = PBXGroup;
			children = (
				395DD80F18C2456700420D83 /* BulletLists-Info.plist */,
				395DD81018C2456700420D83 /* InfoPlist.strings */,
				395DD81318C2456700420D83 /* main.m */,
				395DD81518C2456700420D83 /* BulletLists-Prefix.pch */,
			);
			name = "Supporting Files";
			sourceTree = "<group>";
		};
		395DD83318C2456700420D83 /* BulletListsTests */ = {
			isa = PBXGroup;
			children = (
				395DD83918C2456700420D83 /* BulletListsTests.m */,
				395DD83418C2456700420D83 /* Supporting Files */,
			);
			path = BulletListsTests;
			sourceTree = "<group>";
		};
		395DD83418C2456700420D83 /* Supporting Files */ = {
			isa = PBXGroup;
			children = (
				395DD83518C2456700420D83 /* BulletListsTests-Info.plist */,
				395DD83618C2456700420D83 /* InfoPlist.strings */,
			);
			name = "Supporting Files";
			sourceTree = "<group>";
		};
		395DD84C18C2516000420D83 /* Database */ = {
			isa = PBXGroup;
			children = (
				395DD81C18C2456700420D83 /* BulletLists.xcdatamodeld */,
				395DD84918C2515400420D83 /* Owner.h */,
				395DD84A18C2515400420D83 /* Owner.m */,
				395DD84618C2515300420D83 /* List.h */,
				395DD84718C2515300420D83 /* List.m */,
			);
			name = Database;
			sourceTree = "<group>";
		};
		39B9A00D18CB7FB200F4FBF8 /* Categories */ = {
			isa = PBXGroup;
			children = (
				395DD84D18C253F800420D83 /* NSString+Ipsum.h */,
				395DD84E18C253F800420D83 /* NSString+Ipsum.m */,
			);
			name = Categories;
			sourceTree = "<group>";
		};
		39B9A00E18CB7FC700F4FBF8 /* Resources */ = {
			isa = PBXGroup;
			children = (
				395DD82518C2456700420D83 /* Images.xcassets */,
			);
			name = Resources;
			sourceTree = "<group>";
		};
/* End PBXGroup section */

/* Begin PBXNativeTarget section */
		395DD80118C2456700420D83 /* BulletLists */ = {
			isa = PBXNativeTarget;
			buildConfigurationList = 395DD83D18C2456700420D83 /* Build configuration list for PBXNativeTarget "BulletLists" */;
			buildPhases = (
				395DD7FE18C2456700420D83 /* Sources */,
				395DD7FF18C2456700420D83 /* Frameworks */,
				395DD80018C2456700420D83 /* Resources */,
			);
			buildRules = (
			);
			dependencies = (
			);
			name = BulletLists;
			productName = BulletLists;
			productReference = 395DD80218C2456700420D83 /* BulletLists.app */;
			productType = "com.apple.product-type.application";
		};
		395DD82A18C2456700420D83 /* BulletListsTests */ = {
			isa = PBXNativeTarget;
			buildConfigurationList = 395DD84018C2456700420D83 /* Build configuration list for PBXNativeTarget "BulletListsTests" */;
			buildPhases = (
				395DD82718C2456700420D83 /* Sources */,
				395DD82818C2456700420D83 /* Frameworks */,
				395DD82918C2456700420D83 /* Resources */,
			);
			buildRules = (
			);
			dependencies = (
				395DD83218C2456700420D83 /* PBXTargetDependency */,
			);
			name = BulletListsTests;
			productName = BulletListsTests;
			productReference = 395DD82B18C2456700420D83 /* BulletListsTests.xctest */;
			productType = "com.apple.product-type.bundle.unit-test";
		};
/* End PBXNativeTarget section */

/* Begin PBXProject section */
		395DD7FA18C2456700420D83 /* Project object */ = {
			isa = PBXProject;
			attributes = {
				CLASSPREFIX = HK;
				LastUpgradeCheck = 0500;
				ORGANIZATIONNAME = "Hubert Kunnemeyer";
				TargetAttributes = {
					395DD82A18C2456700420D83 = {
						TestTargetID = 395DD80118C2456700420D83;
					};
				};
			};
			buildConfigurationList = 395DD7FD18C2456700420D83 /* Build configuration list for PBXProject "BulletLists" */;
			compatibilityVersion = "Xcode 3.2";
			developmentRegion = English;
			hasScannedForEncodings = 0;
			knownRegions = (
				en,
				Base,
			);
			mainGroup = 395DD7F918C2456700420D83;
			productRefGroup = 395DD80318C2456700420D83 /* Products */;
			projectDirPath = "";
			projectRoot = "";
			targets = (
				395DD80118C2456700420D83 /* BulletLists */,
				395DD82A18C2456700420D83 /* BulletListsTests */,
			);
		};
/* End PBXProject section */

/* Begin PBXResourcesBuildPhase section */
		395DD80018C2456700420D83 /* Resources */ = {
			isa = PBXResourcesBuildPhase;
			buildActionMask = 2147483647;
			files = (
				395DD82618C2456700420D83 /* Images.xcassets in Resources */,
				395DD81218C2456700420D83 /* InfoPlist.strings in Resources */,
				395DD81B18C2456700420D83 /* Main.storyboard in Resources */,
			);
			runOnlyForDeploymentPostprocessing = 0;
		};
		395DD82918C2456700420D83 /* Resources */ = {
			isa = PBXResourcesBuildPhase;
			buildActionMask = 2147483647;
			files = (
				395DD83818C2456700420D83 /* InfoPlist.strings in Resources */,
			);
			runOnlyForDeploymentPostprocessing = 0;
		};
/* End PBXResourcesBuildPhase section */

/* Begin PBXSourcesBuildPhase section */
		395DD7FE18C2456700420D83 /* Sources */ = {
			isa = PBXSourcesBuildPhase;
			buildActionMask = 2147483647;
			files = (
				395DD84818C2515300420D83 /* List.m in Sources */,
				395DD84F18C253F800420D83 /* NSString+Ipsum.m in Sources */,
				395DD81418C2456700420D83 /* main.m in Sources */,
				395DD82118C2456700420D83 /* HKMasterViewController.m in Sources */,
				395DD84518C24F6100420D83 /* HKNoteController.m in Sources */,
				39B9A01118CB8C1C00F4FBF8 /* HKTextView.m in Sources */,
				395DD81E18C2456700420D83 /* BulletLists.xcdatamodeld in Sources */,
				395DD85218C256D100420D83 /* HKNoteManager.m in Sources */,
				395DD84B18C2515400420D83 /* Owner.m in Sources */,
				395DD81818C2456700420D83 /* HKAppDelegate.m in Sources */,
				395DD82418C2456700420D83 /* HKDetailViewController.m in Sources */,
			);
			runOnlyForDeploymentPostprocessing = 0;
		};
		395DD82718C2456700420D83 /* Sources */ = {
			isa = PBXSourcesBuildPhase;
			buildActionMask = 2147483647;
			files = (
				395DD83A18C2456700420D83 /* BulletListsTests.m in Sources */,
			);
			runOnlyForDeploymentPostprocessing = 0;
		};
/* End PBXSourcesBuildPhase section */

/* Begin PBXTargetDependency section */
		395DD83218C2456700420D83 /* PBXTargetDependency */ = {
			isa = PBXTargetDependency;
			target = 395DD80118C2456700420D83 /* BulletLists */;
			targetProxy = 395DD83118C2456700420D83 /* PBXContainerItemProxy */;
		};
/* End PBXTargetDependency section */

/* Begin PBXVariantGroup section */
		395DD81018C2456700420D83 /* InfoPlist.strings */ = {
			isa = PBXVariantGroup;
			children = (
				395DD81118C2456700420D83 /* en */,
			);
			name = InfoPlist.strings;
			sourceTree = "<group>";
		};
		395DD81918C2456700420D83 /* Main.storyboard */ = {
			isa = PBXVariantGroup;
			children = (
				395DD81A18C2456700420D83 /* Base */,
			);
			name = Main.storyboard;
			sourceTree = "<group>";
		};
		395DD83618C2456700420D83 /* InfoPlist.strings */ = {
			isa = PBXVariantGroup;
			children = (
				395DD83718C2456700420D83 /* en */,
			);
			name = InfoPlist.strings;
			sourceTree = "<group>";
		};
/* End PBXVariantGroup section */

/* Begin XCBuildConfiguration section */
		395DD83B18C2456700420D83 /* Debug */ = {
			isa = XCBuildConfiguration;
			buildSettings = {
				ALWAYS_SEARCH_USER_PATHS = NO;
				ARCHS = "$(ARCHS_STANDARD_INCLUDING_64_BIT)";
				CLANG_CXX_LANGUAGE_STANDARD = "gnu++0x";
				CLANG_CXX_LIBRARY = "libc++";
				CLANG_ENABLE_MODULES = YES;
				CLANG_ENABLE_OBJC_ARC = YES;
				CLANG_WARN_BOOL_CONVERSION = YES;
				CLANG_WARN_CONSTANT_CONVERSION = YES;
				CLANG_WARN_DIRECT_OBJC_ISA_USAGE = YES_ERROR;
				CLANG_WARN_EMPTY_BODY = YES;
				CLANG_WARN_ENUM_CONVERSION = YES;
				CLANG_WARN_INT_CONVERSION = YES;
				CLANG_WARN_OBJC_ROOT_CLASS = YES_ERROR;
				CLANG_WARN__DUPLICATE_METHOD_MATCH = YES;
				"CODE_SIGN_IDENTITY[sdk=iphoneos*]" = "iPhone Developer";
				COPY_PHASE_STRIP = NO;
				GCC_C_LANGUAGE_STANDARD = gnu99;
				GCC_DYNAMIC_NO_PIC = NO;
				GCC_OPTIMIZATION_LEVEL = 0;
				GCC_PREPROCESSOR_DEFINITIONS = (
					"DEBUG=1",
					"$(inherited)",
				);
				GCC_SYMBOLS_PRIVATE_EXTERN = NO;
				GCC_WARN_64_TO_32_BIT_CONVERSION = YES;
				GCC_WARN_ABOUT_RETURN_TYPE = YES_ERROR;
				GCC_WARN_UNDECLARED_SELECTOR = YES;
				GCC_WARN_UNINITIALIZED_AUTOS = YES;
				GCC_WARN_UNUSED_FUNCTION = YES;
				GCC_WARN_UNUSED_VARIABLE = YES;
				IPHONEOS_DEPLOYMENT_TARGET = 7.0;
				ONLY_ACTIVE_ARCH = YES;
				SDKROOT = iphoneos;
			};
			name = Debug;
		};
		395DD83C18C2456700420D83 /* Release */ = {
			isa = XCBuildConfiguration;
			buildSettings = {
				ALWAYS_SEARCH_USER_PATHS = NO;
				ARCHS = "$(ARCHS_STANDARD_INCLUDING_64_BIT)";
				CLANG_CXX_LANGUAGE_STANDARD = "gnu++0x";
				CLANG_CXX_LIBRARY = "libc++";
				CLANG_ENABLE_MODULES = YES;
				CLANG_ENABLE_OBJC_ARC = YES;
				CLANG_WARN_BOOL_CONVERSION = YES;
				CLANG_WARN_CONSTANT_CONVERSION = YES;
				CLANG_WARN_DIRECT_OBJC_ISA_USAGE = YES_ERROR;
				CLANG_WARN_EMPTY_BODY = YES;
				CLANG_WARN_ENUM_CONVERSION = YES;
				CLANG_WARN_INT_CONVERSION = YES;
				CLANG_WARN_OBJC_ROOT_CLASS = YES_ERROR;
				CLANG_WARN__DUPLICATE_METHOD_MATCH = YES;
				"CODE_SIGN_IDENTITY[sdk=iphoneos*]" = "iPhone Developer";
				COPY_PHASE_STRIP = YES;
				ENABLE_NS_ASSERTIONS = NO;
				GCC_C_LANGUAGE_STANDARD = gnu99;
				GCC_WARN_64_TO_32_BIT_CONVERSION = YES;
				GCC_WARN_ABOUT_RETURN_TYPE = YES_ERROR;
				GCC_WARN_UNDECLARED_SELECTOR = YES;
				GCC_WARN_UNINITIALIZED_AUTOS = YES;
				GCC_WARN_UNUSED_FUNCTION = YES;
				GCC_WARN_UNUSED_VARIABLE = YES;
				IPHONEOS_DEPLOYMENT_TARGET = 7.0;
				SDKROOT = iphoneos;
				VALIDATE_PRODUCT = YES;
			};
			name = Release;
		};
		395DD83E18C2456700420D83 /* Debug */ = {
			isa = XCBuildConfiguration;
			buildSettings = {
				ASSETCATALOG_COMPILER_APPICON_NAME = AppIcon;
				ASSETCATALOG_COMPILER_LAUNCHIMAGE_NAME = LaunchImage;
				GCC_PRECOMPILE_PREFIX_HEADER = YES;
				GCC_PREFIX_HEADER = "BulletLists/BulletLists-Prefix.pch";
				INFOPLIST_FILE = "BulletLists/BulletLists-Info.plist";
				PRODUCT_NAME = "$(TARGET_NAME)";
				WRAPPER_EXTENSION = app;
			};
			name = Debug;
		};
		395DD83F18C2456700420D83 /* Release */ = {
			isa = XCBuildConfiguration;
			buildSettings = {
				ASSETCATALOG_COMPILER_APPICON_NAME = AppIcon;
				ASSETCATALOG_COMPILER_LAUNCHIMAGE_NAME = LaunchImage;
				GCC_PRECOMPILE_PREFIX_HEADER = YES;
				GCC_PREFIX_HEADER = "BulletLists/BulletLists-Prefix.pch";
				INFOPLIST_FILE = "BulletLists/BulletLists-Info.plist";
				PRODUCT_NAME = "$(TARGET_NAME)";
				WRAPPER_EXTENSION = app;
			};
			name = Release;
		};
		395DD84118C2456700420D83 /* Debug */ = {
			isa = XCBuildConfiguration;
			buildSettings = {
				ARCHS = "$(ARCHS_STANDARD_INCLUDING_64_BIT)";
				BUNDLE_LOADER = "$(BUILT_PRODUCTS_DIR)/BulletLists.app/BulletLists";
				FRAMEWORK_SEARCH_PATHS = (
					"$(SDKROOT)/Developer/Library/Frameworks",
					"$(inherited)",
					"$(DEVELOPER_FRAMEWORKS_DIR)",
				);
				GCC_PRECOMPILE_PREFIX_HEADER = YES;
				GCC_PREFIX_HEADER = "BulletLists/BulletLists-Prefix.pch";
				GCC_PREPROCESSOR_DEFINITIONS = (
					"DEBUG=1",
					"$(inherited)",
				);
				INFOPLIST_FILE = "BulletListsTests/BulletListsTests-Info.plist";
				PRODUCT_NAME = "$(TARGET_NAME)";
				TEST_HOST = "$(BUNDLE_LOADER)";
				WRAPPER_EXTENSION = xctest;
			};
			name = Debug;
		};
		395DD84218C2456700420D83 /* Release */ = {
			isa = XCBuildConfiguration;
			buildSettings = {
				ARCHS = "$(ARCHS_STANDARD_INCLUDING_64_BIT)";
				BUNDLE_LOADER = "$(BUILT_PRODUCTS_DIR)/BulletLists.app/BulletLists";
				FRAMEWORK_SEARCH_PATHS = (
					"$(SDKROOT)/Developer/Library/Frameworks",
					"$(inherited)",
					"$(DEVELOPER_FRAMEWORKS_DIR)",
				);
				GCC_PRECOMPILE_PREFIX_HEADER = YES;
				GCC_PREFIX_HEADER = "BulletLists/BulletLists-Prefix.pch";
				INFOPLIST_FILE = "BulletListsTests/BulletListsTests-Info.plist";
				PRODUCT_NAME = "$(TARGET_NAME)";
				TEST_HOST = "$(BUNDLE_LOADER)";
				WRAPPER_EXTENSION = xctest;
			};
			name = Release;
		};
/* End XCBuildConfiguration section */

/* Begin XCConfigurationList section */
		395DD7FD18C2456700420D83 /* Build configuration list for PBXProject "BulletLists" */ = {
			isa = XCConfigurationList;
			buildConfigurations = (
				395DD83B18C2456700420D83 /* Debug */,
				395DD83C18C2456700420D83 /* Release */,
			);
			defaultConfigurationIsVisible = 0;
			defaultConfigurationName = Release;
		};
		395DD83D18C2456700420D83 /* Build configuration list for PBXNativeTarget "BulletLists" */ = {
			isa = XCConfigurationList;
			buildConfigurations = (
				395DD83E18C2456700420D83 /* Debug */,
				395DD83F18C2456700420D83 /* Release */,
			);
			defaultConfigurationIsVisible = 0;
			defaultConfigurationName = Release;
		};
		395DD84018C2456700420D83 /* Build configuration list for PBXNativeTarget "BulletListsTests" */ = {
			isa = XCConfigurationList;
			buildConfigurations = (
				395DD84118C2456700420D83 /* Debug */,
				395DD84218C2456700420D83 /* Release */,
			);
			defaultConfigurationIsVisible = 0;
			defaultConfigurationName = Release;
		};
/* End XCConfigurationList section */

/* Begin XCVersionGroup section */
		395DD81C18C2456700420D83 /* BulletLists.xcdatamodeld */ = {
			isa = XCVersionGroup;
			children = (
				395DD81D18C2456700420D83 /* BulletLists.xcdatamodel */,
			);
			currentVersion = 395DD81D18C2456700420D83 /* BulletLists.xcdatamodel */;
			path = BulletLists.xcdatamodeld;
			sourceTree = "<group>";
			versionGroupType = wrapper.xcdatamodel;
		};
/* End XCVersionGroup section */
	};
	rootObject = 395DD7FA18C2456700420D83 /* Project object */;
}
